{
  "name": "jamf-node-fork-performance",
  "version": "1.0.0",
  "lockfileVersion": 3,
  "requires": true,
  "packages": {
    "": {
      "name": "jamf-node-fork-performance",
      "version": "1.0.0",
      "license": "UNLICENSED",
      "dependencies": {
        "tinypool": "^1.0.1"
      }
    },
    "node_modules/tinypool": {
      "version": "1.0.1",
      "resolved": "https://registry.npmjs.org/tinypool/-/tinypool-1.0.1.tgz",
      "integrity": "sha512-URZYihUbRPcGv95En+sz6MfghfIc2OJ1sv/RmhWZLouPY0/8Vo80viwPvg3dlaS9fuq7fQMEfgRRK7BBZThBEA==",
      "engines": {
        "node": "^18.0.0 || >=20.0.0"
      }
    }
  }
}
